// !$*UTF8*$!
{
	archiveVersion = 1;
	classes = {
	};
	objectVersion = 56;
	objects = {

/* Begin PBXBuildFile section */
		8D070F92290579C900DA3C6F /* QuestionViewController.swift in Sources */ = {isa = PBXBuildFile; fileRef = 8D070F91290579C900DA3C6F /* QuestionViewController.swift */; };
		8D3E9249290A13CE00BA0A4A /* wrong.mp3 in Resources */ = {isa = PBXBuildFile; fileRef = 8D3E9247290A13CE00BA0A4A /* wrong.mp3 */; };
		8D3E924A290A13CE00BA0A4A /* correct.mp3 in Resources */ = {isa = PBXBuildFile; fileRef = 8D3E9248290A13CE00BA0A4A /* correct.mp3 */; };
		8DB61AD9290367AB002A6768 /* AppDelegate.swift in Sources */ = {isa = PBXBuildFile; fileRef = 8DB61AD8290367AB002A6768 /* AppDelegate.swift */; };
		8DB61ADB290367AB002A6768 /* SceneDelegate.swift in Sources */ = {isa = PBXBuildFile; fileRef = 8DB61ADA290367AB002A6768 /* SceneDelegate.swift */; };
		8DB61ADD290367AB002A6768 /* ViewController.swift in Sources */ = {isa = PBXBuildFile; fileRef = 8DB61ADC290367AB002A6768 /* ViewController.swift */; };
		8DB61AE0290367AB002A6768 /* Main.storyboard in Resources */ = {isa = PBXBuildFile; fileRef = 8DB61ADE290367AB002A6768 /* Main.storyboard */; };
		8DB61AE2290367B1002A6768 /* Assets.xcassets in Resources */ = {isa = PBXBuildFile; fileRef = 8DB61AE1290367B1002A6768 /* Assets.xcassets */; };
		8DB61AE5290367B1002A6768 /* LaunchScreen.storyboard in Resources */ = {isa = PBXBuildFile; fileRef = 8DB61AE3290367B1002A6768 /* LaunchScreen.storyboard */; };
/* End PBXBuildFile section */

/* Begin PBXFileReference section */
		8D070F91290579C900DA3C6F /* QuestionViewController.swift */ = {isa = PBXFileReference; lastKnownFileType = sourcecode.swift; path = QuestionViewController.swift; sourceTree = "<group>"; };
		8D3E9247290A13CE00BA0A4A /* wrong.mp3 */ = {isa = PBXFileReference; lastKnownFileType = audio.mp3; path = wrong.mp3; sourceTree = "<group>"; };
		8D3E9248290A13CE00BA0A4A /* correct.mp3 */ = {isa = PBXFileReference; lastKnownFileType = audio.mp3; path = correct.mp3; sourceTree = "<group>"; };
		8DB61AD5290367AB002A6768 /* MarubatuApp.app */ = {isa = PBXFileReference; explicitFileType = wrapper.application; includeInIndex = 0; path = MarubatuApp.app; sourceTree = BUILT_PRODUCTS_DIR; };
		8DB61AD8290367AB002A6768 /* AppDelegate.swift */ = {isa = PBXFileReference; lastKnownFileType = sourcecode.swift; path = AppDelegate.swift; sourceTree = "<group>"; };
		8DB61ADA290367AB002A6768 /* SceneDelegate.swift */ = {isa = PBXFileReference; lastKnownFileType = sourcecode.swift; path = SceneDelegate.swift; sourceTree = "<group>"; };
		8DB61ADC290367AB002A6768 /* ViewController.swift */ = {isa = PBXFileReference; lastKnownFileType = sourcecode.swift; path = ViewController.swift; sourceTree = "<group>"; };
		8DB61ADF290367AB002A6768 /* Base */ = {isa = PBXFileReference; lastKnownFileType = file.storyboard; name = Base; path = Base.lproj/Main.storyboard; sourceTree = "<group>"; };
		8DB61AE1290367B1002A6768 /* Assets.xcassets */ = {isa = PBXFileReference; lastKnownFileType = folder.assetcatalog; path = Assets.xcassets; sourceTree = "<group>"; };
		8DB61AE4290367B1002A6768 /* Base */ = {isa = PBXFileReference; lastKnownFileType = file.storyboard; name = Base; path = Base.lproj/LaunchScreen.storyboard; sourceTree = "<group>"; };
		8DB61AE6290367B1002A6768 /* Info.plist */ = {isa = PBXFileReference; lastKnownFileType = text.plist.xml; path = Info.plist; sourceTree = "<group>"; };
/* End PBXFileReference section */

/* Begin PBXFrameworksBuildPhase section */
		8DB61AD2290367AB002A6768 /* Frameworks */ = {
			isa = PBXFrameworksBuildPhase;
			buildActionMask = 2147483647;
			files = (
			);
			runOnlyForDeploymentPostprocessing = 0;
		};
/* End PBXFrameworksBuildPhase section */

/* Begin PBXGroup section */
		8D3E9246290A13CE00BA0A4A /* QuizSound */ = {
			isa = PBXGroup;
			children = (
				8D3E9247290A13CE00BA0A4A /* wrong.mp3 */,
				8D3E9248290A13CE00BA0A4A /* correct.mp3 */,
			);
			path = QuizSound;
			sourceTree = "<group>";
		};
		8DB61ACC290367AB002A6768 = {
			isa = PBXGroup;
			children = (
				8DB61AD7290367AB002A6768 /* MarubatuApp */,
				8DB61AD6290367AB002A6768 /* Products */,
			);
			sourceTree = "<group>";
		};
		8DB61AD6290367AB002A6768 /* Products */ = {
			isa = PBXGroup;
			children = (
				8DB61AD5290367AB002A6768 /* MarubatuApp.app */,
			);
			name = Products;
			sourceTree = "<group>";
		};
		8DB61AD7290367AB002A6768 /* MarubatuApp */ = {
			isa = PBXGroup;
			children = (
				8D3E9246290A13CE00BA0A4A /* QuizSound */,
				8DB61AD8290367AB002A6768 /* AppDelegate.swift */,
				8DB61ADA290367AB002A6768 /* SceneDelegate.swift */,
				8DB61ADC290367AB002A6768 /* ViewController.swift */,
				8DB61ADE290367AB002A6768 /* Main.storyboard */,
				8D070F91290579C900DA3C6F /* QuestionViewController.swift */,
				8DB61AE1290367B1002A6768 /* Assets.xcassets */,
				8DB61AE3290367B1002A6768 /* LaunchScreen.storyboard */,
				8DB61AE6290367B1002A6768 /* Info.plist */,
			);
			path = MarubatuApp;
			sourceTree = "<group>";
		};
/* End PBXGroup section */

/* Begin PBXNativeTarget section */
		8DB61AD4290367AB002A6768 /* MarubatuApp */ = {
			isa = PBXNativeTarget;
			buildConfigurationList = 8DB61AE9290367B1002A6768 /* Build configuration list for PBXNativeTarget "MarubatuApp" */;
			buildPhases = (
				8DB61AD1290367AB002A6768 /* Sources */,
				8DB61AD2290367AB002A6768 /* Frameworks */,
				8DB61AD3290367AB002A6768 /* Resources */,
			);
			buildRules = (
			);
			dependencies = (
			);
			name = MarubatuApp;
			productName = MarubatuApp;
			productReference = 8DB61AD5290367AB002A6768 /* MarubatuApp.app */;
			productType = "com.apple.product-type.application";
		};
/* End PBXNativeTarget section */

/* Begin PBXProject section */
		8DB61ACD290367AB002A6768 /* Project object */ = {
			isa = PBXProject;
			attributes = {
				BuildIndependentTargetsInParallel = 1;
				LastSwiftUpdateCheck = 1400;
				LastUpgradeCheck = 1400;
				TargetAttributes = {
					8DB61AD4290367AB002A6768 = {
						CreatedOnToolsVersion = 14.0.1;
					};
				};
			};
			buildConfigurationList = 8DB61AD0290367AB002A6768 /* Build configuration list for PBXProject "MarubatuApp" */;
			compatibilityVersion = "Xcode 14.0";
			developmentRegion = en;
			hasScannedForEncodings = 0;
			knownRegions = (
				en,
				Base,
			);
			mainGroup = 8DB61ACC290367AB002A6768;
			productRefGroup = 8DB61AD6290367AB002A6768 /* Products */;
			projectDirPath = "";
			projectRoot = "";
			targets = (
				8DB61AD4290367AB002A6768 /* MarubatuApp */,
			);
		};
/* End PBXProject section */

/* Begin PBXResourcesBuildPhase section */
		8DB61AD3290367AB002A6768 /* Resources */ = {
			isa = PBXResourcesBuildPhase;
			buildActionMask = 2147483647;
			files = (
				8DB61AE5290367B1002A6768 /* LaunchScreen.storyboard in Resources */,
				8DB61AE2290367B1002A6768 /* Assets.xcassets in Resources */,
				8DB61AE0290367AB002A6768 /* Main.storyboard in Resources */,
				8D3E9249290A13CE00BA0A4A /* wrong.mp3 in Resources */,
				8D3E924A290A13CE00BA0A4A /* correct.mp3 in Resources */,
			);
			runOnlyForDeploymentPostprocessing = 0;
		};
/* End PBXResourcesBuildPhase section */

/* Begin PBXSourcesBuildPhase section */
		8DB61AD1290367AB002A6768 /* Sources */ = {
			isa = PBXSourcesBuildPhase;
			buildActionMask = 2147483647;
			files = (
				8DB61ADD290367AB002A6768 /* ViewController.swift in Sources */,
				8DB61AD9290367AB002A6768 /* AppDelegate.swift in Sources */,
				8D070F92290579C900DA3C6F /* QuestionViewController.swift in Sources */,
				8DB61ADB290367AB002A6768 /* SceneDelegate.swift in Sources */,
			);
			runOnlyForDeploymentPostprocessing = 0;
		};
/* End PBXSourcesBuildPhase section */

/* Begin PBXVariantGroup section */
		8DB61ADE290367AB002A6768 /* Main.storyboard */ = {
			isa = PBXVariantGroup;
			children = (
				8DB61ADF290367AB002A6768 /* Base */,
			);
			name = Main.storyboard;
			sourceTree = "<group>";
		};
		8DB61AE3290367B1002A6768 /* LaunchScreen.storyboard */ = {
			isa = PBXVariantGroup;
			children = (
				8DB61AE4290367B1002A6768 /* Base */,
			);
			name = LaunchScreen.storyboard;
			sourceTree = "<group>";
		};
/* End PBXVariantGroup section */

/* Begin XCBuildConfiguration section */
		8DB61AE7290367B1002A6768 /* Debug */ = {
			isa = XCBuildConfiguration;
			buildSettings = {
				ALWAYS_SEARCH_USER_PATHS = NO;
				CLANG_ANALYZER_NONNULL = YES;
				CLANG_ANALYZER_NUMBER_OBJECT_CONVERSION = YES_AGGRESSIVE;
				CLANG_CXX_LANGUAGE_STANDARD = "gnu++20";
				CLANG_ENABLE_MODULES = YES;
				CLANG_ENABLE_OBJC_ARC = YES;
				CLANG_ENABLE_OBJC_WEAK = YES;
				CLANG_WARN_BLOCK_CAPTURE_AUTORELEASING = YES;
				CLANG_WARN_BOOL_CONVERSION = YES;
				CLANG_WARN_COMMA = YES;
				CLANG_WARN_CONSTANT_CONVERSION = YES;
				CLANG_WARN_DEPRECATED_OBJC_IMPLEMENTATIONS = YES;
				CLANG_WARN_DIRECT_OBJC_ISA_USAGE = YES_ERROR;
				CLANG_WARN_DOCUMENTATION_COMMENTS = YES;
				CLANG_WARN_EMPTY_BODY = YES;
				CLANG_WARN_ENUM_CONVERSION = YES;
				CLANG_WARN_INFINITE_RECURSION = YES;
				CLANG_WARN_INT_CONVERSION = YES;
				CLANG_WARN_NON_LITERAL_NULL_CONVERSION = YES;
				CLANG_WARN_OBJC_IMPLICIT_RETAIN_SELF = YES;
				CLANG_WARN_OBJC_LITERAL_CONVERSION = YES;
				CLANG_WARN_OBJC_ROOT_CLASS = YES_ERROR;
				CLANG_WARN_QUOTED_INCLUDE_IN_FRAMEWORK_HEADER = YES;
				CLANG_WARN_RANGE_LOOP_ANALYSIS = YES;
				CLANG_WARN_STRICT_PROTOTYPES = YES;
				CLANG_WARN_SUSPICIOUS_MOVE = YES;
				CLANG_WARN_UNGUARDED_AVAILABILITY = YES_AGGRESSIVE;
				CLANG_WARN_UNREACHABLE_CODE = YES;
				CLANG_WARN__DUPLICATE_METHOD_MATCH = YES;
				COPY_PHASE_STRIP = NO;
				DEBUG_INFORMATION_FORMAT = dwarf;
				ENABLE_STRICT_OBJC_MSGSEND = YES;
				ENABLE_TESTABILITY = YES;
				GCC_C_LANGUAGE_STANDARD = gnu11;
				GCC_DYNAMIC_NO_PIC = NO;
				GCC_NO_COMMON_BLOCKS = YES;
				GCC_OPTIMIZATION_LEVEL = 0;
				GCC_PREPROCESSOR_DEFINITIONS = (
					"DEBUG=1",
					"$(inherited)",
				);
				GCC_WARN_64_TO_32_BIT_CONVERSION = YES;
				GCC_WARN_ABOUT_RETURN_TYPE = YES_ERROR;
				GCC_WARN_UNDECLARED_SELECTOR = YES;
				GCC_WARN_UNINITIALIZED_AUTOS = YES_AGGRESSIVE;
				GCC_WARN_UNUSED_FUNCTION = YES;
				GCC_WARN_UNUSED_VARIABLE = YES;
				IPHONEOS_DEPLOYMENT_TARGET = 16.0;
				MTL_ENABLE_DEBUG_INFO = INCLUDE_SOURCE;
				MTL_FAST_MATH = YES;
				ONLY_ACTIVE_ARCH = YES;
				SDKROOT = iphoneos;
				SWIFT_ACTIVE_COMPILATION_CONDITIONS = DEBUG;
				SWIFT_OPTIMIZATION_LEVEL = "-Onone";
			};
			name = Debug;
		};
		8DB61AE8290367B1002A6768 /* Release */ = {
			isa = XCBuildConfiguration;
			buildSettings = {
				ALWAYS_SEARCH_USER_PATHS = NO;
				CLANG_ANALYZER_NONNULL = YES;
				CLANG_ANALYZER_NUMBER_OBJECT_CONVERSION = YES_AGGRESSIVE;
				CLANG_CXX_LANGUAGE_STANDARD = "gnu++20";
				CLANG_ENABLE_MODULES = YES;
				CLANG_ENABLE_OBJC_ARC = YES;
				CLANG_ENABLE_OBJC_WEAK = YES;
				CLANG_WARN_BLOCK_CAPTURE_AUTORELEASING = YES;
				CLANG_WARN_BOOL_CONVERSION = YES;
				CLANG_WARN_COMMA = YES;
				CLANG_WARN_CONSTANT_CONVERSION = YES;
				CLANG_WARN_DEPRECATED_OBJC_IMPLEMENTATIONS = YES;
				CLANG_WARN_DIRECT_OBJC_ISA_USAGE = YES_ERROR;
				CLANG_WARN_DOCUMENTATION_COMMENTS = YES;
				CLANG_WARN_EMPTY_BODY = YES;
				CLANG_WARN_ENUM_CONVERSION = YES;
				CLANG_WARN_INFINITE_RECURSION = YES;
				CLANG_WARN_INT_CONVERSION = YES;
				CLANG_WARN_NON_LITERAL_NULL_CONVERSION = YES;
				CLANG_WARN_OBJC_IMPLICIT_RETAIN_SELF = YES;
				CLANG_WARN_OBJC_LITERAL_CONVERSION = YES;
				CLANG_WARN_OBJC_ROOT_CLASS = YES_ERROR;
				CLANG_WARN_QUOTED_INCLUDE_IN_FRAMEWORK_HEADER = YES;
				CLANG_WARN_RANGE_LOOP_ANALYSIS = YES;
				CLANG_WARN_STRICT_PROTOTYPES = YES;
				CLANG_WARN_SUSPICIOUS_MOVE = YES;
				CLANG_WARN_UNGUARDED_AVAILABILITY = YES_AGGRESSIVE;
				CLANG_WARN_UNREACHABLE_CODE = YES;
				CLANG_WARN__DUPLICATE_METHOD_MATCH = YES;
				COPY_PHASE_STRIP = NO;
				DEBUG_INFORMATION_FORMAT = "dwarf-with-dsym";
				ENABLE_NS_ASSERTIONS = NO;
				ENABLE_STRICT_OBJC_MSGSEND = YES;
				GCC_C_LANGUAGE_STANDARD = gnu11;
				GCC_NO_COMMON_BLOCKS = YES;
				GCC_WARN_64_TO_32_BIT_CONVERSION = YES;
				GCC_WARN_ABOUT_RETURN_TYPE = YES_ERROR;
				GCC_WARN_UNDECLARED_SELECTOR = YES;
				GCC_WARN_UNINITIALIZED_AUTOS = YES_AGGRESSIVE;
				GCC_WARN_UNUSED_FUNCTION = YES;
				GCC_WARN_UNUSED_VARIABLE = YES;
				IPHONEOS_DEPLOYMENT_TARGET = 16.0;
				MTL_ENABLE_DEBUG_INFO = NO;
				MTL_FAST_MATH = YES;
				SDKROOT = iphoneos;
				SWIFT_COMPILATION_MODE = wholemodule;
				SWIFT_OPTIMIZATION_LEVEL = "-O";
				VALIDATE_PRODUCT = YES;
			};
			name = Release;
		};
		8DB61AEA290367B1002A6768 /* Debug */ = {
			isa = XCBuildConfiguration;
			buildSettings = {
				ASSETCATALOG_COMPILER_APPICON_NAME = AppIcon;
				ASSETCATALOG_COMPILER_GLOBAL_ACCENT_COLOR_NAME = AccentColor;
				CODE_SIGN_STYLE = Automatic;
				CURRENT_PROJECT_VERSION = 1;
				DEVELOPMENT_TEAM = 6XY3B57VRH;
				GENERATE_INFOPLIST_FILE = YES;
				INFOPLIST_FILE = MarubatuApp/Info.plist;
				INFOPLIST_KEY_UIApplicationSupportsIndirectInputEvents = YES;
				INFOPLIST_KEY_UILaunchStoryboardName = LaunchScreen;
				INFOPLIST_KEY_UIMainStoryboardFile = Main;
				INFOPLIST_KEY_UISupportedInterfaceOrientations_iPad = "UIInterfaceOrientationPortrait UIInterfaceOrientationPortraitUpsideDown UIInterfaceOrientationLandscapeLeft UIInterfaceOrientationLandscapeRight";
				INFOPLIST_KEY_UISupportedInterfaceOrientations_iPhone = "UIInterfaceOrientationPortrait UIInterfaceOrientationLandscapeLeft UIInterfaceOrientationLandscapeRight";
				LD_RUNPATH_SEARCH_PATHS = (
					"$(inherited)",
					"@executable_path/Frameworks",
				);
				MARKETING_VERSION = 1.0;
				PRODUCT_BUNDLE_IDENTIFIER = com.yoju.MarubatuApp;
				PRODUCT_NAME = "$(TARGET_NAME)";
				SWIFT_EMIT_LOC_STRINGS = YES;
				SWIFT_VERSION = 5.0;
				TARGETED_DEVICE_FAMILY = "1,2";
			};
			name = Debug;
		};
		8DB61AEB290367B1002A6768 /* Release */ = {
			isa = XCBuildConfiguration;
			buildSettings = {
				ASSETCATALOG_COMPILER_APPICON_NAME = AppIcon;
				ASSETCATALOG_COMPILER_GLOBAL_ACCENT_COLOR_NAME = AccentColor;
				CODE_SIGN_STYLE = Automatic;
				CURRENT_PROJECT_VERSION = 1;
				DEVELOPMENT_TEAM = 6XY3B57VRH;
				GENERATE_INFOPLIST_FILE = YES;
				INFOPLIST_FILE = MarubatuApp/Info.plist;
				INFOPLIST_KEY_UIApplicationSupportsIndirectInputEvents = YES;
				INFOPLIST_KEY_UILaunchStoryboardName = LaunchScreen;
				INFOPLIST_KEY_UIMainStoryboardFile = Main;
				INFOPLIST_KEY_UISupportedInterfaceOrientations_iPad = "UIInterfaceOrientationPortrait UIInterfaceOrientationPortraitUpsideDown UIInterfaceOrientationLandscapeLeft UIInterfaceOrientationLandscapeRight";
				INFOPLIST_KEY_UISupportedInterfaceOrientations_iPhone = "UIInterfaceOrientationPortrait UIInterfaceOrientationLandscapeLeft UIInterfaceOrientationLandscapeRight";
				LD_RUNPATH_SEARCH_PATHS = (
					"$(inherited)",
					"@executable_path/Frameworks",
				);
				MARKETING_VERSION = 1.0;
				PRODUCT_BUNDLE_IDENTIFIER = com.yoju.MarubatuApp;
				PRODUCT_NAME = "$(TARGET_NAME)";
				SWIFT_EMIT_LOC_STRINGS = YES;
				SWIFT_VERSION = 5.0;
				TARGETED_DEVICE_FAMILY = "1,2";
			};
			name = Release;
		};
/* End XCBuildConfiguration section */

/* Begin XCConfigurationList section */
		8DB61AD0290367AB002A6768 /* Build configuration list for PBXProject "MarubatuApp" */ = {
			isa = XCConfigurationList;
			buildConfigurations = (
				8DB61AE7290367B1002A6768 /* Debug */,
				8DB61AE8290367B1002A6768 /* Release */,
			);
			defaultConfigurationIsVisible = 0;
			defaultConfigurationName = Release;
		};
		8DB61AE9290367B1002A6768 /* Build configuration list for PBXNativeTarget "MarubatuApp" */ = {
			isa = XCConfigurationList;
			buildConfigurations = (
				8DB61AEA290367B1002A6768 /* Debug */,
				8DB61AEB290367B1002A6768 /* Release */,
			);
			defaultConfigurationIsVisible = 0;
			defaultConfigurationName = Release;
		};
/* End XCConfigurationList section */
	};
	rootObject = 8DB61ACD290367AB002A6768 /* Project object */;
}
